
Microsoft Visual Studio Solution File, Format Version 12.00
# Visual Studio 15
VisualStudioVersion = 15.0.27703.2000
MinimumVisualStudioVersion = 10.0.40219.1
Project("{9A19103F-16F7-4668-BE54-9A1E7A4F7556}") = "GenericCalculator", "GenericCalculator\GenericCalculator.csproj", "{6DC91D48-5A4E-4DD7-8FE7-1F4918DAFC07}"
EndProject
Project("{9A19103F-16F7-4668-BE54-9A1E7A4F7556}") = "BuiltInAttributes", "BuiltInAttributes\BuiltInAttributes.csproj", "{18336FDE-C489-4239-95D5-C1A58FFA995C}"
EndProject
Project("{9A19103F-16F7-4668-BE54-9A1E7A4F7556}") = "InheritedAttributes", "InheritedAttributes\InheritedAttributes.csproj", "{FFC722AA-2F4D-4EC4-AA27-BAE5BAFE82C6}"
EndProject
Project("{9A19103F-16F7-4668-BE54-9A1E7A4F7556}") = "CustomAttributes", "CustomAttributes\CustomAttributes.csproj", "{422D1FC1-21C7-487F-8559-6E94B107C9B4}"
EndProject
Project("{9A19103F-16F7-4668-BE54-9A1E7A4F7556}") = "ConventionBuilder", "ConventionBuilder\ConventionBuilder.csproj", "{A3F5224F-037C-46AC-9DED-176E9C16E01A}"
EndProject
Project("{9A19103F-16F7-4668-BE54-9A1E7A4F7556}") = "ConventionBuilderAlt", "ConventionBuilderAlt\ConventionBuilderAlt.csproj", "{91D8353E-6B63-4DD0-A1C3-9D68D03EC646}"
EndProject
Project("{FAE04EC0-301F-11D3-BF4B-00C04F79EFBC}") = "HelloWorld", "HelloWorld\HelloWorld.csproj", "{42FCF43C-3ECE-4E1D-9E83-E9A8D2DB1439}"
EndProject
Global
	GlobalSection(SolutionConfigurationPlatforms) = preSolution
		Debug|Any CPU = Debug|Any CPU
		Release|Any CPU = Release|Any CPU
	EndGlobalSection
	GlobalSection(ProjectConfigurationPlatforms) = postSolution
		{6DC91D48-5A4E-4DD7-8FE7-1F4918DAFC07}.Debug|Any CPU.ActiveCfg = Debug|Any CPU
		{6DC91D48-5A4E-4DD7-8FE7-1F4918DAFC07}.Debug|Any CPU.Build.0 = Debug|Any CPU
		{6DC91D48-5A4E-4DD7-8FE7-1F4918DAFC07}.Release|Any CPU.ActiveCfg = Release|Any CPU
		{6DC91D48-5A4E-4DD7-8FE7-1F4918DAFC07}.Release|Any CPU.Build.0 = Release|Any CPU
		{18336FDE-C489-4239-95D5-C1A58FFA995C}.Debug|Any CPU.ActiveCfg = Debug|Any CPU
		{18336FDE-C489-4239-95D5-C1A58FFA995C}.Debug|Any CPU.Build.0 = Debug|Any CPU
		{18336FDE-C489-4239-95D5-C1A58FFA995C}.Release|Any CPU.ActiveCfg = Release|Any CPU
		{18336FDE-C489-4239-95D5-C1A58FFA995C}.Release|Any CPU.Build.0 = Release|Any CPU
		{FFC722AA-2F4D-4EC4-AA27-BAE5BAFE82C6}.Debug|Any CPU.ActiveCfg = Debug|Any CPU
		{FFC722AA-2F4D-4EC4-AA27-BAE5BAFE82C6}.Debug|Any CPU.Build.0 = Debug|Any CPU
		{FFC722AA-2F4D-4EC4-AA27-BAE5BAFE82C6}.Release|Any CPU.ActiveCfg = Release|Any CPU
		{FFC722AA-2F4D-4EC4-AA27-BAE5BAFE82C6}.Release|Any CPU.Build.0 = Release|Any CPU
		{422D1FC1-21C7-487F-8559-6E94B107C9B4}.Debug|Any CPU.ActiveCfg = Debug|Any CPU
		{422D1FC1-21C7-487F-8559-6E94B107C9B4}.Debug|Any CPU.Build.0 = Debug|Any CPU
		{422D1FC1-21C7-487F-8559-6E94B107C9B4}.Release|Any CPU.ActiveCfg = Release|Any CPU
		{422D1FC1-21C7-487F-8559-6E94B107C9B4}.Release|Any CPU.Build.0 = Release|Any CPU
		{A3F5224F-037C-46AC-9DED-176E9C16E01A}.Debug|Any CPU.ActiveCfg = Debug|Any CPU
		{A3F5224F-037C-46AC-9DED-176E9C16E01A}.Debug|Any CPU.Build.0 = Debug|Any CPU
		{A3F5224F-037C-46AC-9DED-176E9C16E01A}.Release|Any CPU.ActiveCfg = Release|Any CPU
		{A3F5224F-037C-46AC-9DED-176E9C16E01A}.Release|Any CPU.Build.0 = Release|Any CPU
		{91D8353E-6B63-4DD0-A1C3-9D68D03EC646}.Debug|Any CPU.ActiveCfg = Debug|Any CPU
		{91D8353E-6B63-4DD0-A1C3-9D68D03EC646}.Debug|Any CPU.Build.0 = Debug|Any CPU
		{91D8353E-6B63-4DD0-A1C3-9D68D03EC646}.Release|Any CPU.ActiveCfg = Release|Any CPU
		{91D8353E-6B63-4DD0-A1C3-9D68D03EC646}.Release|Any CPU.Build.0 = Release|Any CPU
		{42FCF43C-3ECE-4E1D-9E83-E9A8D2DB1439}.Debug|Any CPU.ActiveCfg = Debug|Any CPU
		{42FCF43C-3ECE-4E1D-9E83-E9A8D2DB1439}.Debug|Any CPU.Build.0 = Debug|Any CPU
		{42FCF43C-3ECE-4E1D-9E83-E9A8D2DB1439}.Release|Any CPU.ActiveCfg = Release|Any CPU
		{42FCF43C-3ECE-4E1D-9E83-E9A8D2DB1439}.Release|Any CPU.Build.0 = Release|Any CPU
	EndGlobalSection
	GlobalSection(SolutionProperties) = preSolution
		HideSolutionNode = FALSE
	EndGlobalSection
	GlobalSection(ExtensibilityGlobals) = postSolution
		SolutionGuid = {32EFF037-D8F8-4F91-999A-FF02297D0AE6}
	EndGlobalSection
EndGlobal
